
Microsoft Visual Studio Solution File, Format Version 12.00
# Visual Studio Version 16
VisualStudioVersion = 16.0.30804.86
MinimumVisualStudioVersion = 10.0.40219.1
Project("{FAE04EC0-301F-11D3-BF4B-00C04F79EFBC}") = "LibraryStudy", "LibraryStudy.csproj", "{A8E1D8E6-D958-49DE-AD37-4B861184B8DE}"
EndProject
Project("{FAE04EC0-301F-11D3-BF4B-00C04F79EFBC}") = "LibraryStudyTest", "..\LibraryStudyTest\LibraryStudyTest.csproj", "{18F65E28-504A-4909-ACBC-8B7F87B0F6E1}"
EndProject
Global
	GlobalSection(SolutionConfigurationPlatforms) = preSolution
		Debug|Any CPU = Debug|Any CPU
		Release|Any CPU = Release|Any CPU
	EndGlobalSection
	GlobalSection(ProjectConfigurationPlatforms) = postSolution
		{A8E1D8E6-D958-49DE-AD37-4B861184B8DE}.Debug|Any CPU.ActiveCfg = Debug|Any CPU
		{A8E1D8E6-D958-49DE-AD37-4B861184B8DE}.Debug|Any CPU.Build.0 = Debug|Any CPU
		{A8E1D8E6-D958-49DE-AD37-4B861184B8DE}.Release|Any CPU.ActiveCfg = Release|Any CPU
		{A8E1D8E6-D958-49DE-AD37-4B861184B8DE}.Release|Any CPU.Build.0 = Release|Any CPU
		{18F65E28-504A-4909-ACBC-8B7F87B0F6E1}.Debug|Any CPU.ActiveCfg = Debug|Any CPU
		{18F65E28-504A-4909-ACBC-8B7F87B0F6E1}.Debug|Any CPU.Build.0 = Debug|Any CPU
		{18F65E28-504A-4909-ACBC-8B7F87B0F6E1}.Release|Any CPU.ActiveCfg = Release|Any CPU
		{18F65E28-504A-4909-ACBC-8B7F87B0F6E1}.Release|Any CPU.Build.0 = Release|Any CPU
	EndGlobalSection
	GlobalSection(SolutionProperties) = preSolution
		HideSolutionNode = FALSE
	EndGlobalSection
	GlobalSection(ExtensibilityGlobals) = postSolution
		SolutionGuid = {3E98238E-9404-40BC-B2E3-864E18668A30}
	EndGlobalSection
EndGlobal
