
Microsoft Visual Studio Solution File, Format Version 12.00
# Visual Studio Version 16
VisualStudioVersion = 16.0.30804.86
MinimumVisualStudioVersion = 10.0.40219.1
Project("{FAE04EC0-301F-11D3-BF4B-00C04F79EFBC}") = "AnimalShelter", "AnimalShelter.csproj", "{01D209EB-2A30-4395-833C-BF22BB1054DA}"
EndProject
Global
	GlobalSection(SolutionConfigurationPlatforms) = preSolution
		Debug|Any CPU = Debug|Any CPU
		Release|Any CPU = Release|Any CPU
	EndGlobalSection
	GlobalSection(ProjectConfigurationPlatforms) = postSolution
		{01D209EB-2A30-4395-833C-BF22BB1054DA}.Debug|Any CPU.ActiveCfg = Debug|Any CPU
		{01D209EB-2A30-4395-833C-BF22BB1054DA}.Debug|Any CPU.Build.0 = Debug|Any CPU
		{01D209EB-2A30-4395-833C-BF22BB1054DA}.Release|Any CPU.ActiveCfg = Release|Any CPU
		{01D209EB-2A30-4395-833C-BF22BB1054DA}.Release|Any CPU.Build.0 = Release|Any CPU
	EndGlobalSection
	GlobalSection(SolutionProperties) = preSolution
		HideSolutionNode = FALSE
	EndGlobalSection
	GlobalSection(ExtensibilityGlobals) = postSolution
		SolutionGuid = {86AF323F-7739-4226-AD9B-F50F12E08A9C}
	EndGlobalSection
EndGlobal
