
Microsoft Visual Studio Solution File, Format Version 12.00
# Visual Studio Version 16
VisualStudioVersion = 16.0.30804.86
MinimumVisualStudioVersion = 10.0.40219.1
Project("{FAE04EC0-301F-11D3-BF4B-00C04F79EFBC}") = "CuteCat", "CuteCat.csproj", "{4A63E31D-6EFD-4409-A53C-3682D41F9354}"
EndProject
Global
	GlobalSection(SolutionConfigurationPlatforms) = preSolution
		Debug|Any CPU = Debug|Any CPU
		Release|Any CPU = Release|Any CPU
	EndGlobalSection
	GlobalSection(ProjectConfigurationPlatforms) = postSolution
		{4A63E31D-6EFD-4409-A53C-3682D41F9354}.Debug|Any CPU.ActiveCfg = Debug|Any CPU
		{4A63E31D-6EFD-4409-A53C-3682D41F9354}.Debug|Any CPU.Build.0 = Debug|Any CPU
		{4A63E31D-6EFD-4409-A53C-3682D41F9354}.Release|Any CPU.ActiveCfg = Release|Any CPU
		{4A63E31D-6EFD-4409-A53C-3682D41F9354}.Release|Any CPU.Build.0 = Release|Any CPU
	EndGlobalSection
	GlobalSection(SolutionProperties) = preSolution
		HideSolutionNode = FALSE
	EndGlobalSection
	GlobalSection(ExtensibilityGlobals) = postSolution
		SolutionGuid = {7E14A530-1672-4609-BF31-23701FC953B5}
	EndGlobalSection
EndGlobal
